
Microsoft Visual Studio Solution File, Format Version 12.00
# Visual Studio Version 17
VisualStudioVersion = 17.8.34330.188
MinimumVisualStudioVersion = 10.0.40219.1
Project("{FAE04EC0-301F-11D3-BF4B-00C04F79EFBC}") = "AssignmentShared", "AssignmentShared\AssignmentShared.csproj", "{1E74D10F-899D-462A-A238-0C386F3E8F0C}"
EndProject
Project("{FAE04EC0-301F-11D3-BF4B-00C04F79EFBC}") = "Assignment", "Assignment\Assignment.csproj", "{C1F77BAF-E123-4886-B17B-55BD5C895398}"
EndProject
Project("{FAE04EC0-301F-11D3-BF4B-00C04F79EFBC}") = "Assignment.Tests", "Assignment.Tests\Assignment.Tests.csproj", "{953758D9-C296-4900-9BA6-67DC32D73542}"
EndProject
Global
	GlobalSection(SolutionConfigurationPlatforms) = preSolution
		Debug|Any CPU = Debug|Any CPU
		Release|Any CPU = Release|Any CPU
	EndGlobalSection
	GlobalSection(ProjectConfigurationPlatforms) = postSolution
		{1E74D10F-899D-462A-A238-0C386F3E8F0C}.Debug|Any CPU.ActiveCfg = Debug|Any CPU
		{1E74D10F-899D-462A-A238-0C386F3E8F0C}.Debug|Any CPU.Build.0 = Debug|Any CPU
		{1E74D10F-899D-462A-A238-0C386F3E8F0C}.Release|Any CPU.ActiveCfg = Release|Any CPU
		{1E74D10F-899D-462A-A238-0C386F3E8F0C}.Release|Any CPU.Build.0 = Release|Any CPU
		{C1F77BAF-E123-4886-B17B-55BD5C895398}.Debug|Any CPU.ActiveCfg = Debug|Any CPU
		{C1F77BAF-E123-4886-B17B-55BD5C895398}.Debug|Any CPU.Build.0 = Debug|Any CPU
		{C1F77BAF-E123-4886-B17B-55BD5C895398}.Release|Any CPU.ActiveCfg = Release|Any CPU
		{C1F77BAF-E123-4886-B17B-55BD5C895398}.Release|Any CPU.Build.0 = Release|Any CPU
		{953758D9-C296-4900-9BA6-67DC32D73542}.Debug|Any CPU.ActiveCfg = Debug|Any CPU
		{953758D9-C296-4900-9BA6-67DC32D73542}.Debug|Any CPU.Build.0 = Debug|Any CPU
		{953758D9-C296-4900-9BA6-67DC32D73542}.Release|Any CPU.ActiveCfg = Release|Any CPU
		{953758D9-C296-4900-9BA6-67DC32D73542}.Release|Any CPU.Build.0 = Release|Any CPU
	EndGlobalSection
	GlobalSection(SolutionProperties) = preSolution
		HideSolutionNode = FALSE
	EndGlobalSection
	GlobalSection(ExtensibilityGlobals) = postSolution
		SolutionGuid = {D3B46E5A-1ABE-45A3-84F4-901C2FE98316}
	EndGlobalSection
EndGlobal
